
Microsoft Visual Studio Solution File, Format Version 12.00
# Visual Studio Version 17
VisualStudioVersion = 17.8.34330.188
MinimumVisualStudioVersion = 10.0.40219.1
Project("{8BC9CEB8-8B4A-11D0-8D11-00A0C91BC942}") = "exercise-1-1", "exercise-1-1\exercise-1-1.vcxproj", "{D1F5C09A-375A-4FA7-9834-21FCB6F6780E}"
EndProject
Project("{8BC9CEB8-8B4A-11D0-8D11-00A0C91BC942}") = "Exercise-2-1", "..\exercise-2-1\Exercise-2-1\Exercise-2-1.vcxproj", "{470FA63A-800D-4E34-BB8B-5D75E4F2BF70}"
EndProject
Project("{8BC9CEB8-8B4A-11D0-8D11-00A0C91BC942}") = "Exercise-3-1", "..\exercise-3-1\Exercise-3-1\Exercise-3-1.vcxproj", "{2EE466A2-1DEB-4DC6-8D5C-F79946CB5F09}"
EndProject
Project("{8BC9CEB8-8B4A-11D0-8D11-00A0C91BC942}") = "exercise-4-1", "..\exercise-4-1\exercise-4-1.vcxproj", "{95FECA58-F76D-4B2D-B996-903D677712CC}"
EndProject
Project("{8BC9CEB8-8B4A-11D0-8D11-00A0C91BC942}") = "exercise-4-2", "..\exercise-4-2\exercise-4-2.vcxproj", "{58FFF4FF-0738-4DD0-A363-A200E0A36990}"
EndProject
Project("{8BC9CEB8-8B4A-11D0-8D11-00A0C91BC942}") = "exercise-4-3", "..\exercise-4-3\exercise-4-3.vcxproj", "{DE08A102-F0D9-414B-9747-D65D0634A382}"
EndProject
Project("{8BC9CEB8-8B4A-11D0-8D11-00A0C91BC942}") = "exercise-4-4", "..\exercise-4-4\exercise-4-4.vcxproj", "{DBDF80FD-74B1-4247-B1A5-B557E329EAA5}"
EndProject
Project("{8BC9CEB8-8B4A-11D0-8D11-00A0C91BC942}") = "exercise-4-6", "..\exercise-4-6\exercise-4-6.vcxproj", "{88CA5F35-DCD9-4B2A-B9B9-DB1568F576DE}"
EndProject
Project("{8BC9CEB8-8B4A-11D0-8D11-00A0C91BC942}") = "exercise-4-8", "..\exercise-4-8\exercise-4-8.vcxproj", "{89EB68E2-05B8-4EB4-93AB-782BB2D2AD6C}"
EndProject
Project("{8BC9CEB8-8B4A-11D0-8D11-00A0C91BC942}") = "exercise-4-7", "..\exercise-4-7\exercise-4-7.vcxproj", "{13AFC5E8-4273-480D-B55B-67D80749F9A5}"
EndProject
Project("{8BC9CEB8-8B4A-11D0-8D11-00A0C91BC942}") = "exercise-4-9", "..\exercise-4-9\exercise-4-9.vcxproj", "{FB3F5F81-D4F0-4290-9E52-3B46E6424766}"
EndProject
Project("{8BC9CEB8-8B4A-11D0-8D11-00A0C91BC942}") = "exercise-4-10", "..\exercise-4-10\exercise-4-10.vcxproj", "{B344996F-F6B2-4BF4-81A3-6A486DB86A97}"
EndProject
Project("{8BC9CEB8-8B4A-11D0-8D11-00A0C91BC942}") = "exercise-4-11", "..\exercise-4-11\exercise-4-11.vcxproj", "{16579088-0606-46F7-AE58-2C99DB505084}"
EndProject
Project("{8BC9CEB8-8B4A-11D0-8D11-00A0C91BC942}") = "exercise-4-12", "..\exercise-4-12\exercise-4-12.vcxproj", "{9B5A6377-2CD6-4A0F-8643-73D0444CA3A6}"
EndProject
Project("{8BC9CEB8-8B4A-11D0-8D11-00A0C91BC942}") = "exercise-4-5", "..\exercise-4-5\exercise-4-5.vcxproj", "{9EDAFCE1-2EC5-477A-81E3-651EAEACF98C}"
EndProject
Project("{8BC9CEB8-8B4A-11D0-8D11-00A0C91BC942}") = "exercise-4-13", "..\exercise-4-13\exercise-4-13.vcxproj", "{D1C67EBF-93DF-44BE-8FF6-D20682187FF9}"
EndProject
Project("{8BC9CEB8-8B4A-11D0-8D11-00A0C91BC942}") = "exercise-4-14", "..\exercise-4-14\exercise-4-14.vcxproj", "{609DCCA6-56FC-47D6-91E6-EBD3AED881FD}"
EndProject
Project("{8BC9CEB8-8B4A-11D0-8D11-00A0C91BC942}") = "exercise-4-15", "..\exercise-4-15\exercise-4-15.vcxproj", "{390F1226-865C-426C-A147-CD0EC342D4EE}"
EndProject
Project("{8BC9CEB8-8B4A-11D0-8D11-00A0C91BC942}") = "exercise-4-16", "..\exercise-4-16\exercise-4-16.vcxproj", "{F375CEAF-7594-4BA1-BC2F-AA3BCC0FF95C}"
EndProject
Project("{8BC9CEB8-8B4A-11D0-8D11-00A0C91BC942}") = "exercise-5-1", "..\exercise-5-1\exercise-5-1.vcxproj", "{0E177BEF-B534-489F-A3C6-E700E44DB8DC}"
EndProject
Project("{8BC9CEB8-8B4A-11D0-8D11-00A0C91BC942}") = "exercise-5-2", "..\exercise-5-2\exercise-5-2.vcxproj", "{CE34EC8A-6942-4218-9F2E-5A0CDAC21AF9}"
EndProject
Project("{8BC9CEB8-8B4A-11D0-8D11-00A0C91BC942}") = "exercise-5-3", "..\exercise-5-3\exercise-5-3.vcxproj", "{EF3371D2-1F00-4629-A9FC-155183D111EA}"
EndProject
Project("{8BC9CEB8-8B4A-11D0-8D11-00A0C91BC942}") = "exercise-5-4", "..\exercise-5-4\exercise-5-4.vcxproj", "{6B6FD192-0FAB-4631-937F-EF27083C3CBC}"
EndProject
Project("{8BC9CEB8-8B4A-11D0-8D11-00A0C91BC942}") = "exercise-5-5", "..\exercise-5-5\exercise-5-5.vcxproj", "{0DEC4C4E-E802-4B9F-BF04-7AED1CB385F7}"
EndProject
Global
	GlobalSection(SolutionConfigurationPlatforms) = preSolution
		Debug|x64 = Debug|x64
		Debug|x86 = Debug|x86
		Release|x64 = Release|x64
		Release|x86 = Release|x86
	EndGlobalSection
	GlobalSection(ProjectConfigurationPlatforms) = postSolution
		{D1F5C09A-375A-4FA7-9834-21FCB6F6780E}.Debug|x64.ActiveCfg = Debug|x64
		{D1F5C09A-375A-4FA7-9834-21FCB6F6780E}.Debug|x64.Build.0 = Debug|x64
		{D1F5C09A-375A-4FA7-9834-21FCB6F6780E}.Debug|x86.ActiveCfg = Debug|Win32
		{D1F5C09A-375A-4FA7-9834-21FCB6F6780E}.Debug|x86.Build.0 = Debug|Win32
		{D1F5C09A-375A-4FA7-9834-21FCB6F6780E}.Release|x64.ActiveCfg = Release|x64
		{D1F5C09A-375A-4FA7-9834-21FCB6F6780E}.Release|x64.Build.0 = Release|x64
		{D1F5C09A-375A-4FA7-9834-21FCB6F6780E}.Release|x86.ActiveCfg = Release|Win32
		{D1F5C09A-375A-4FA7-9834-21FCB6F6780E}.Release|x86.Build.0 = Release|Win32
		{470FA63A-800D-4E34-BB8B-5D75E4F2BF70}.Debug|x64.ActiveCfg = Debug|x64
		{470FA63A-800D-4E34-BB8B-5D75E4F2BF70}.Debug|x64.Build.0 = Debug|x64
		{470FA63A-800D-4E34-BB8B-5D75E4F2BF70}.Debug|x86.ActiveCfg = Debug|Win32
		{470FA63A-800D-4E34-BB8B-5D75E4F2BF70}.Debug|x86.Build.0 = Debug|Win32
		{470FA63A-800D-4E34-BB8B-5D75E4F2BF70}.Release|x64.ActiveCfg = Release|x64
		{470FA63A-800D-4E34-BB8B-5D75E4F2BF70}.Release|x64.Build.0 = Release|x64
		{470FA63A-800D-4E34-BB8B-5D75E4F2BF70}.Release|x86.ActiveCfg = Release|Win32
		{470FA63A-800D-4E34-BB8B-5D75E4F2BF70}.Release|x86.Build.0 = Release|Win32
		{2EE466A2-1DEB-4DC6-8D5C-F79946CB5F09}.Debug|x64.ActiveCfg = Debug|x64
		{2EE466A2-1DEB-4DC6-8D5C-F79946CB5F09}.Debug|x64.Build.0 = Debug|x64
		{2EE466A2-1DEB-4DC6-8D5C-F79946CB5F09}.Debug|x86.ActiveCfg = Debug|Win32
		{2EE466A2-1DEB-4DC6-8D5C-F79946CB5F09}.Debug|x86.Build.0 = Debug|Win32
		{2EE466A2-1DEB-4DC6-8D5C-F79946CB5F09}.Release|x64.ActiveCfg = Release|x64
		{2EE466A2-1DEB-4DC6-8D5C-F79946CB5F09}.Release|x64.Build.0 = Release|x64
		{2EE466A2-1DEB-4DC6-8D5C-F79946CB5F09}.Release|x86.ActiveCfg = Release|Win32
		{2EE466A2-1DEB-4DC6-8D5C-F79946CB5F09}.Release|x86.Build.0 = Release|Win32
		{95FECA58-F76D-4B2D-B996-903D677712CC}.Debug|x64.ActiveCfg = Debug|x64
		{95FECA58-F76D-4B2D-B996-903D677712CC}.Debug|x64.Build.0 = Debug|x64
		{95FECA58-F76D-4B2D-B996-903D677712CC}.Debug|x86.ActiveCfg = Debug|Win32
		{95FECA58-F76D-4B2D-B996-903D677712CC}.Debug|x86.Build.0 = Debug|Win32
		{95FECA58-F76D-4B2D-B996-903D677712CC}.Release|x64.ActiveCfg = Release|x64
		{95FECA58-F76D-4B2D-B996-903D677712CC}.Release|x64.Build.0 = Release|x64
		{95FECA58-F76D-4B2D-B996-903D677712CC}.Release|x86.ActiveCfg = Release|Win32
		{95FECA58-F76D-4B2D-B996-903D677712CC}.Release|x86.Build.0 = Release|Win32
		{58FFF4FF-0738-4DD0-A363-A200E0A36990}.Debug|x64.ActiveCfg = Debug|x64
		{58FFF4FF-0738-4DD0-A363-A200E0A36990}.Debug|x64.Build.0 = Debug|x64
		{58FFF4FF-0738-4DD0-A363-A200E0A36990}.Debug|x86.ActiveCfg = Debug|Win32
		{58FFF4FF-0738-4DD0-A363-A200E0A36990}.Debug|x86.Build.0 = Debug|Win32
		{58FFF4FF-0738-4DD0-A363-A200E0A36990}.Release|x64.ActiveCfg = Release|x64
		{58FFF4FF-0738-4DD0-A363-A200E0A36990}.Release|x64.Build.0 = Release|x64
		{58FFF4FF-0738-4DD0-A363-A200E0A36990}.Release|x86.ActiveCfg = Release|Win32
		{58FFF4FF-0738-4DD0-A363-A200E0A36990}.Release|x86.Build.0 = Release|Win32
		{DE08A102-F0D9-414B-9747-D65D0634A382}.Debug|x64.ActiveCfg = Debug|x64
		{DE08A102-F0D9-414B-9747-D65D0634A382}.Debug|x64.Build.0 = Debug|x64
		{DE08A102-F0D9-414B-9747-D65D0634A382}.Debug|x86.ActiveCfg = Debug|Win32
		{DE08A102-F0D9-414B-9747-D65D0634A382}.Debug|x86.Build.0 = Debug|Win32
		{DE08A102-F0D9-414B-9747-D65D0634A382}.Release|x64.ActiveCfg = Release|x64
		{DE08A102-F0D9-414B-9747-D65D0634A382}.Release|x64.Build.0 = Release|x64
		{DE08A102-F0D9-414B-9747-D65D0634A382}.Release|x86.ActiveCfg = Release|Win32
		{DE08A102-F0D9-414B-9747-D65D0634A382}.Release|x86.Build.0 = Release|Win32
		{DBDF80FD-74B1-4247-B1A5-B557E329EAA5}.Debug|x64.ActiveCfg = Debug|x64
		{DBDF80FD-74B1-4247-B1A5-B557E329EAA5}.Debug|x64.Build.0 = Debug|x64
		{DBDF80FD-74B1-4247-B1A5-B557E329EAA5}.Debug|x86.ActiveCfg = Debug|Win32
		{DBDF80FD-74B1-4247-B1A5-B557E329EAA5}.Debug|x86.Build.0 = Debug|Win32
		{DBDF80FD-74B1-4247-B1A5-B557E329EAA5}.Release|x64.ActiveCfg = Release|x64
		{DBDF80FD-74B1-4247-B1A5-B557E329EAA5}.Release|x64.Build.0 = Release|x64
		{DBDF80FD-74B1-4247-B1A5-B557E329EAA5}.Release|x86.ActiveCfg = Release|Win32
		{DBDF80FD-74B1-4247-B1A5-B557E329EAA5}.Release|x86.Build.0 = Release|Win32
		{88CA5F35-DCD9-4B2A-B9B9-DB1568F576DE}.Debug|x64.ActiveCfg = Debug|x64
		{88CA5F35-DCD9-4B2A-B9B9-DB1568F576DE}.Debug|x64.Build.0 = Debug|x64
		{88CA5F35-DCD9-4B2A-B9B9-DB1568F576DE}.Debug|x86.ActiveCfg = Debug|Win32
		{88CA5F35-DCD9-4B2A-B9B9-DB1568F576DE}.Debug|x86.Build.0 = Debug|Win32
		{88CA5F35-DCD9-4B2A-B9B9-DB1568F576DE}.Release|x64.ActiveCfg = Release|x64
		{88CA5F35-DCD9-4B2A-B9B9-DB1568F576DE}.Release|x64.Build.0 = Release|x64
		{88CA5F35-DCD9-4B2A-B9B9-DB1568F576DE}.Release|x86.ActiveCfg = Release|Win32
		{88CA5F35-DCD9-4B2A-B9B9-DB1568F576DE}.Release|x86.Build.0 = Release|Win32
		{89EB68E2-05B8-4EB4-93AB-782BB2D2AD6C}.Debug|x64.ActiveCfg = Debug|x64
		{89EB68E2-05B8-4EB4-93AB-782BB2D2AD6C}.Debug|x64.Build.0 = Debug|x64
		{89EB68E2-05B8-4EB4-93AB-782BB2D2AD6C}.Debug|x86.ActiveCfg = Debug|Win32
		{89EB68E2-05B8-4EB4-93AB-782BB2D2AD6C}.Debug|x86.Build.0 = Debug|Win32
		{89EB68E2-05B8-4EB4-93AB-782BB2D2AD6C}.Release|x64.ActiveCfg = Release|x64
		{89EB68E2-05B8-4EB4-93AB-782BB2D2AD6C}.Release|x64.Build.0 = Release|x64
		{89EB68E2-05B8-4EB4-93AB-782BB2D2AD6C}.Release|x86.ActiveCfg = Release|Win32
		{89EB68E2-05B8-4EB4-93AB-782BB2D2AD6C}.Release|x86.Build.0 = Release|Win32
		{13AFC5E8-4273-480D-B55B-67D80749F9A5}.Debug|x64.ActiveCfg = Debug|x64
		{13AFC5E8-4273-480D-B55B-67D80749F9A5}.Debug|x64.Build.0 = Debug|x64
		{13AFC5E8-4273-480D-B55B-67D80749F9A5}.Debug|x86.ActiveCfg = Debug|Win32
		{13AFC5E8-4273-480D-B55B-67D80749F9A5}.Debug|x86.Build.0 = Debug|Win32
		{13AFC5E8-4273-480D-B55B-67D80749F9A5}.Release|x64.ActiveCfg = Release|x64
		{13AFC5E8-4273-480D-B55B-67D80749F9A5}.Release|x64.Build.0 = Release|x64
		{13AFC5E8-4273-480D-B55B-67D80749F9A5}.Release|x86.ActiveCfg = Release|Win32
		{13AFC5E8-4273-480D-B55B-67D80749F9A5}.Release|x86.Build.0 = Release|Win32
		{FB3F5F81-D4F0-4290-9E52-3B46E6424766}.Debug|x64.ActiveCfg = Debug|x64
		{FB3F5F81-D4F0-4290-9E52-3B46E6424766}.Debug|x64.Build.0 = Debug|x64
		{FB3F5F81-D4F0-4290-9E52-3B46E6424766}.Debug|x86.ActiveCfg = Debug|Win32
		{FB3F5F81-D4F0-4290-9E52-3B46E6424766}.Debug|x86.Build.0 = Debug|Win32
		{FB3F5F81-D4F0-4290-9E52-3B46E6424766}.Release|x64.ActiveCfg = Release|x64
		{FB3F5F81-D4F0-4290-9E52-3B46E6424766}.Release|x64.Build.0 = Release|x64
		{FB3F5F81-D4F0-4290-9E52-3B46E6424766}.Release|x86.ActiveCfg = Release|Win32
		{FB3F5F81-D4F0-4290-9E52-3B46E6424766}.Release|x86.Build.0 = Release|Win32
		{B344996F-F6B2-4BF4-81A3-6A486DB86A97}.Debug|x64.ActiveCfg = Debug|x64
		{B344996F-F6B2-4BF4-81A3-6A486DB86A97}.Debug|x64.Build.0 = Debug|x64
		{B344996F-F6B2-4BF4-81A3-6A486DB86A97}.Debug|x86.ActiveCfg = Debug|Win32
		{B344996F-F6B2-4BF4-81A3-6A486DB86A97}.Debug|x86.Build.0 = Debug|Win32
		{B344996F-F6B2-4BF4-81A3-6A486DB86A97}.Release|x64.ActiveCfg = Release|x64
		{B344996F-F6B2-4BF4-81A3-6A486DB86A97}.Release|x64.Build.0 = Release|x64
		{B344996F-F6B2-4BF4-81A3-6A486DB86A97}.Release|x86.ActiveCfg = Release|Win32
		{B344996F-F6B2-4BF4-81A3-6A486DB86A97}.Release|x86.Build.0 = Release|Win32
		{16579088-0606-46F7-AE58-2C99DB505084}.Debug|x64.ActiveCfg = Debug|x64
		{16579088-0606-46F7-AE58-2C99DB505084}.Debug|x64.Build.0 = Debug|x64
		{16579088-0606-46F7-AE58-2C99DB505084}.Debug|x86.ActiveCfg = Debug|Win32
		{16579088-0606-46F7-AE58-2C99DB505084}.Debug|x86.Build.0 = Debug|Win32
		{16579088-0606-46F7-AE58-2C99DB505084}.Release|x64.ActiveCfg = Release|x64
		{16579088-0606-46F7-AE58-2C99DB505084}.Release|x64.Build.0 = Release|x64
		{16579088-0606-46F7-AE58-2C99DB505084}.Release|x86.ActiveCfg = Release|Win32
		{16579088-0606-46F7-AE58-2C99DB505084}.Release|x86.Build.0 = Release|Win32
		{9B5A6377-2CD6-4A0F-8643-73D0444CA3A6}.Debug|x64.ActiveCfg = Debug|x64
		{9B5A6377-2CD6-4A0F-8643-73D0444CA3A6}.Debug|x64.Build.0 = Debug|x64
		{9B5A6377-2CD6-4A0F-8643-73D0444CA3A6}.Debug|x86.ActiveCfg = Debug|Win32
		{9B5A6377-2CD6-4A0F-8643-73D0444CA3A6}.Debug|x86.Build.0 = Debug|Win32
		{9B5A6377-2CD6-4A0F-8643-73D0444CA3A6}.Release|x64.ActiveCfg = Release|x64
		{9B5A6377-2CD6-4A0F-8643-73D0444CA3A6}.Release|x64.Build.0 = Release|x64
		{9B5A6377-2CD6-4A0F-8643-73D0444CA3A6}.Release|x86.ActiveCfg = Release|Win32
		{9B5A6377-2CD6-4A0F-8643-73D0444CA3A6}.Release|x86.Build.0 = Release|Win32
		{9EDAFCE1-2EC5-477A-81E3-651EAEACF98C}.Debug|x64.ActiveCfg = Debug|x64
		{9EDAFCE1-2EC5-477A-81E3-651EAEACF98C}.Debug|x64.Build.0 = Debug|x64
		{9EDAFCE1-2EC5-477A-81E3-651EAEACF98C}.Debug|x86.ActiveCfg = Debug|Win32
		{9EDAFCE1-2EC5-477A-81E3-651EAEACF98C}.Debug|x86.Build.0 = Debug|Win32
		{9EDAFCE1-2EC5-477A-81E3-651EAEACF98C}.Release|x64.ActiveCfg = Release|x64
		{9EDAFCE1-2EC5-477A-81E3-651EAEACF98C}.Release|x64.Build.0 = Release|x64
		{9EDAFCE1-2EC5-477A-81E3-651EAEACF98C}.Release|x86.ActiveCfg = Release|Win32
		{9EDAFCE1-2EC5-477A-81E3-651EAEACF98C}.Release|x86.Build.0 = Release|Win32
		{D1C67EBF-93DF-44BE-8FF6-D20682187FF9}.Debug|x64.ActiveCfg = Debug|x64
		{D1C67EBF-93DF-44BE-8FF6-D20682187FF9}.Debug|x64.Build.0 = Debug|x64
		{D1C67EBF-93DF-44BE-8FF6-D20682187FF9}.Debug|x86.ActiveCfg = Debug|Win32
		{D1C67EBF-93DF-44BE-8FF6-D20682187FF9}.Debug|x86.Build.0 = Debug|Win32
		{D1C67EBF-93DF-44BE-8FF6-D20682187FF9}.Release|x64.ActiveCfg = Release|x64
		{D1C67EBF-93DF-44BE-8FF6-D20682187FF9}.Release|x64.Build.0 = Release|x64
		{D1C67EBF-93DF-44BE-8FF6-D20682187FF9}.Release|x86.ActiveCfg = Release|Win32
		{D1C67EBF-93DF-44BE-8FF6-D20682187FF9}.Release|x86.Build.0 = Release|Win32
		{609DCCA6-56FC-47D6-91E6-EBD3AED881FD}.Debug|x64.ActiveCfg = Debug|x64
		{609DCCA6-56FC-47D6-91E6-EBD3AED881FD}.Debug|x64.Build.0 = Debug|x64
		{609DCCA6-56FC-47D6-91E6-EBD3AED881FD}.Debug|x86.ActiveCfg = Debug|Win32
		{609DCCA6-56FC-47D6-91E6-EBD3AED881FD}.Debug|x86.Build.0 = Debug|Win32
		{609DCCA6-56FC-47D6-91E6-EBD3AED881FD}.Release|x64.ActiveCfg = Release|x64
		{609DCCA6-56FC-47D6-91E6-EBD3AED881FD}.Release|x64.Build.0 = Release|x64
		{609DCCA6-56FC-47D6-91E6-EBD3AED881FD}.Release|x86.ActiveCfg = Release|Win32
		{609DCCA6-56FC-47D6-91E6-EBD3AED881FD}.Release|x86.Build.0 = Release|Win32
		{390F1226-865C-426C-A147-CD0EC342D4EE}.Debug|x64.ActiveCfg = Debug|x64
		{390F1226-865C-426C-A147-CD0EC342D4EE}.Debug|x64.Build.0 = Debug|x64
		{390F1226-865C-426C-A147-CD0EC342D4EE}.Debug|x86.ActiveCfg = Debug|Win32
		{390F1226-865C-426C-A147-CD0EC342D4EE}.Debug|x86.Build.0 = Debug|Win32
		{390F1226-865C-426C-A147-CD0EC342D4EE}.Release|x64.ActiveCfg = Release|x64
		{390F1226-865C-426C-A147-CD0EC342D4EE}.Release|x64.Build.0 = Release|x64
		{390F1226-865C-426C-A147-CD0EC342D4EE}.Release|x86.ActiveCfg = Release|Win32
		{390F1226-865C-426C-A147-CD0EC342D4EE}.Release|x86.Build.0 = Release|Win32
		{F375CEAF-7594-4BA1-BC2F-AA3BCC0FF95C}.Debug|x64.ActiveCfg = Debug|x64
		{F375CEAF-7594-4BA1-BC2F-AA3BCC0FF95C}.Debug|x64.Build.0 = Debug|x64
		{F375CEAF-7594-4BA1-BC2F-AA3BCC0FF95C}.Debug|x86.ActiveCfg = Debug|Win32
		{F375CEAF-7594-4BA1-BC2F-AA3BCC0FF95C}.Debug|x86.Build.0 = Debug|Win32
		{F375CEAF-7594-4BA1-BC2F-AA3BCC0FF95C}.Release|x64.ActiveCfg = Release|x64
		{F375CEAF-7594-4BA1-BC2F-AA3BCC0FF95C}.Release|x64.Build.0 = Release|x64
		{F375CEAF-7594-4BA1-BC2F-AA3BCC0FF95C}.Release|x86.ActiveCfg = Release|Win32
		{F375CEAF-7594-4BA1-BC2F-AA3BCC0FF95C}.Release|x86.Build.0 = Release|Win32
		{0E177BEF-B534-489F-A3C6-E700E44DB8DC}.Debug|x64.ActiveCfg = Debug|x64
		{0E177BEF-B534-489F-A3C6-E700E44DB8DC}.Debug|x64.Build.0 = Debug|x64
		{0E177BEF-B534-489F-A3C6-E700E44DB8DC}.Debug|x86.ActiveCfg = Debug|Win32
		{0E177BEF-B534-489F-A3C6-E700E44DB8DC}.Debug|x86.Build.0 = Debug|Win32
		{0E177BEF-B534-489F-A3C6-E700E44DB8DC}.Release|x64.ActiveCfg = Release|x64
		{0E177BEF-B534-489F-A3C6-E700E44DB8DC}.Release|x64.Build.0 = Release|x64
		{0E177BEF-B534-489F-A3C6-E700E44DB8DC}.Release|x86.ActiveCfg = Release|Win32
		{0E177BEF-B534-489F-A3C6-E700E44DB8DC}.Release|x86.Build.0 = Release|Win32
		{CE34EC8A-6942-4218-9F2E-5A0CDAC21AF9}.Debug|x64.ActiveCfg = Debug|x64
		{CE34EC8A-6942-4218-9F2E-5A0CDAC21AF9}.Debug|x64.Build.0 = Debug|x64
		{CE34EC8A-6942-4218-9F2E-5A0CDAC21AF9}.Debug|x86.ActiveCfg = Debug|Win32
		{CE34EC8A-6942-4218-9F2E-5A0CDAC21AF9}.Debug|x86.Build.0 = Debug|Win32
		{CE34EC8A-6942-4218-9F2E-5A0CDAC21AF9}.Release|x64.ActiveCfg = Release|x64
		{CE34EC8A-6942-4218-9F2E-5A0CDAC21AF9}.Release|x64.Build.0 = Release|x64
		{CE34EC8A-6942-4218-9F2E-5A0CDAC21AF9}.Release|x86.ActiveCfg = Release|Win32
		{CE34EC8A-6942-4218-9F2E-5A0CDAC21AF9}.Release|x86.Build.0 = Release|Win32
		{EF3371D2-1F00-4629-A9FC-155183D111EA}.Debug|x64.ActiveCfg = Debug|x64
		{EF3371D2-1F00-4629-A9FC-155183D111EA}.Debug|x64.Build.0 = Debug|x64
		{EF3371D2-1F00-4629-A9FC-155183D111EA}.Debug|x86.ActiveCfg = Debug|Win32
		{EF3371D2-1F00-4629-A9FC-155183D111EA}.Debug|x86.Build.0 = Debug|Win32
		{EF3371D2-1F00-4629-A9FC-155183D111EA}.Release|x64.ActiveCfg = Release|x64
		{EF3371D2-1F00-4629-A9FC-155183D111EA}.Release|x64.Build.0 = Release|x64
		{EF3371D2-1F00-4629-A9FC-155183D111EA}.Release|x86.ActiveCfg = Release|Win32
		{EF3371D2-1F00-4629-A9FC-155183D111EA}.Release|x86.Build.0 = Release|Win32
		{6B6FD192-0FAB-4631-937F-EF27083C3CBC}.Debug|x64.ActiveCfg = Debug|x64
		{6B6FD192-0FAB-4631-937F-EF27083C3CBC}.Debug|x64.Build.0 = Debug|x64
		{6B6FD192-0FAB-4631-937F-EF27083C3CBC}.Debug|x86.ActiveCfg = Debug|Win32
		{6B6FD192-0FAB-4631-937F-EF27083C3CBC}.Debug|x86.Build.0 = Debug|Win32
		{6B6FD192-0FAB-4631-937F-EF27083C3CBC}.Release|x64.ActiveCfg = Release|x64
		{6B6FD192-0FAB-4631-937F-EF27083C3CBC}.Release|x64.Build.0 = Release|x64
		{6B6FD192-0FAB-4631-937F-EF27083C3CBC}.Release|x86.ActiveCfg = Release|Win32
		{6B6FD192-0FAB-4631-937F-EF27083C3CBC}.Release|x86.Build.0 = Release|Win32
		{0DEC4C4E-E802-4B9F-BF04-7AED1CB385F7}.Debug|x64.ActiveCfg = Debug|x64
		{0DEC4C4E-E802-4B9F-BF04-7AED1CB385F7}.Debug|x64.Build.0 = Debug|x64
		{0DEC4C4E-E802-4B9F-BF04-7AED1CB385F7}.Debug|x86.ActiveCfg = Debug|Win32
		{0DEC4C4E-E802-4B9F-BF04-7AED1CB385F7}.Debug|x86.Build.0 = Debug|Win32
		{0DEC4C4E-E802-4B9F-BF04-7AED1CB385F7}.Release|x64.ActiveCfg = Release|x64
		{0DEC4C4E-E802-4B9F-BF04-7AED1CB385F7}.Release|x64.Build.0 = Release|x64
		{0DEC4C4E-E802-4B9F-BF04-7AED1CB385F7}.Release|x86.ActiveCfg = Release|Win32
		{0DEC4C4E-E802-4B9F-BF04-7AED1CB385F7}.Release|x86.Build.0 = Release|Win32
	EndGlobalSection
	GlobalSection(SolutionProperties) = preSolution
		HideSolutionNode = FALSE
	EndGlobalSection
	GlobalSection(ExtensibilityGlobals) = postSolution
		SolutionGuid = {F722AA1E-497F-4592-9228-BBD38A1F5AE8}
	EndGlobalSection
EndGlobal
